
Microsoft Visual Studio Solution File, Format Version 12.00
# Visual Studio Version 17
VisualStudioVersion = 17.11.35312.102
MinimumVisualStudioVersion = 10.0.40219.1
Project("{FAE04EC0-301F-11D3-BF4B-00C04F79EFBC}") = "AppAPI", "AppAPI.csproj", "{AE358609-AA6A-430A-9C72-21B9C60EC259}"
EndProject
Global
	GlobalSection(SolutionConfigurationPlatforms) = preSolution
		Debug|Any CPU = Debug|Any CPU
		Release|Any CPU = Release|Any CPU
	EndGlobalSection
	GlobalSection(ProjectConfigurationPlatforms) = postSolution
		{AE358609-AA6A-430A-9C72-21B9C60EC259}.Debug|Any CPU.ActiveCfg = Debug|Any CPU
		{AE358609-AA6A-430A-9C72-21B9C60EC259}.Debug|Any CPU.Build.0 = Debug|Any CPU
		{AE358609-AA6A-430A-9C72-21B9C60EC259}.Release|Any CPU.ActiveCfg = Release|Any CPU
		{AE358609-AA6A-430A-9C72-21B9C60EC259}.Release|Any CPU.Build.0 = Release|Any CPU
	EndGlobalSection
	GlobalSection(SolutionProperties) = preSolution
		HideSolutionNode = FALSE
	EndGlobalSection
	GlobalSection(ExtensibilityGlobals) = postSolution
		SolutionGuid = {C019CDD6-EA23-45B1-BE8A-A0F0A37E3134}
	EndGlobalSection
EndGlobal
